lockfileVersion: '9.0'

settings:
  autoInstallPeers: true
  excludeLinksFromLockfile: false

importers:

  .:
    devDependencies:
      '@types/node':
        specifier: ^25.6.0
        version: 25.6.0
      '@types/vscode':
        specifier: ~1.93.0
        version: 1.93.0
      typescript:
        specifier: ^6.0.2
        version: 6.0.3

packages:

  '@types/node@25.6.0':
    resolution: {integrity: sha512-+qIYRKdNYJwY3vRCZMdJbPLJAtGjQBudzZzdzwQYkEPQd+PJGixUL5QfvCLDaULoLv+RhT3LDkwEfKaAkgSmNQ==}

  '@types/vscode@1.93.0':
    resolution: {integrity: sha512-kUK6jAHSR5zY8ps42xuW89NLcBpw1kOabah7yv38J8MyiYuOHxLQBi0e7zeXbQgVefDy/mZZetqEFC+Fl5eIEQ==}

  typescript@6.0.3:
    resolution: {integrity: sha512-y2TvuxSZPDyQakkFRPZHKFm+KKVqIisdg9/CZwm9ftvKXLP8NRWj38/ODjNbr43SsoXqNuAisEf1GdCxqWcdBw==}
    engines: {node: '>=14.17'}
    hasBin: true

  undici-types@7.19.2:
    resolution: {integrity: sha512-qYVnV5OEm2AW8cJMCpdV20CDyaN3g0AjDlOGf1OW4iaDEx8MwdtChUp4zu4H0VP3nDRF/8RKWH+IPp9uW0YGZg==}

snapshots:

  '@types/node@25.6.0':
    dependencies:
      undici-types: 7.19.2

  '@types/vscode@1.93.0': {}

  typescript@6.0.3: {}

  undici-types@7.19.2: {}
